{
  "lockfileVersion": 1,
  "workspaces": {
    "": {
      "name": "btch-http",
      "dependencies": {
        "undici-types": "^7.16.0",
      },
      "devDependencies": {
        "@types/node": "^24.9.1",
        "typescript": "^5.9.3",
      },
    },
  },
  "packages": {
    "@types/node": ["@types/node@24.9.1", "", { "dependencies": { "undici-types": "~7.16.0" } }, "sha512-QoiaXANRkSXK6p0Duvt56W208du4P9Uye9hWLWgGMDTEoKPhuenzNcC4vGUmrNkiOKTlIrBoyNQYNpSwfEZXSg=="],

    "typescript": ["typescript@5.9.3", "", { "bin": { "tsc": "bin/tsc", "tsserver": "bin/tsserver" } }, "sha512-jl1vZzPDinLr9eUt3J/t7V6FgNEw9QjvBPdysz9KfQDD41fQrC2Y4vKQdiaUpFT4bXlb1RHhLpp8wtm6M5TgSw=="],

    "undici-types": ["undici-types@7.16.0", "", {}, "sha512-Zz+aZWSj8LE6zoxD+xrjh4VfkIG8Ya6LvYkZqtUQGJPZjYl53ypCaUwWqo7eI0x66KBGeRo+mlBEkMSeSZ38Nw=="],
  }
}
